
Microsoft Visual Studio Solution File, Format Version 12.00
# Visual Studio Version 17
VisualStudioVersion = 17.4.33122.133
MinimumVisualStudioVersion = 10.0.40219.1
Project("{FAE04EC0-301F-11D3-BF4B-00C04F79EFBC}") = "AdventOfCode", "..\AdventOfCode\AdventOfCode\AdventOfCode.csproj", "{EBB07FE7-14EF-48B0-8B9F-F26E1948E0A1}"
	ProjectSection(ProjectDependencies) = postProject
		{73F34804-C2D1-4B63-B18E-00625450BABE} = {73F34804-C2D1-4B63-B18E-00625450BABE}
		{D4107605-D87F-44CA-9D18-2951740AADD6} = {D4107605-D87F-44CA-9D18-2951740AADD6}
		{DCDF040E-6553-46F7-B65E-58875768FD55} = {DCDF040E-6553-46F7-B65E-58875768FD55}
		{B814B510-0352-43A0-B562-30FC16F35749} = {B814B510-0352-43A0-B562-30FC16F35749}
		{4A23863E-734A-4CCE-BAB2-05A9B35208F7} = {4A23863E-734A-4CCE-BAB2-05A9B35208F7}
		{5E4DE63E-FB56-4860-B8ED-BBC3F8B02D95} = {5E4DE63E-FB56-4860-B8ED-BBC3F8B02D95}
		{C9D75E48-A1D3-44FC-9A3D-82E1AD278032} = {C9D75E48-A1D3-44FC-9A3D-82E1AD278032}
		{E516D74A-6AC5-4328-8596-FABF4F30FF7A} = {E516D74A-6AC5-4328-8596-FABF4F30FF7A}
		{B6E0234C-9C59-4C25-943B-BB3EE9994CD5} = {B6E0234C-9C59-4C25-943B-BB3EE9994CD5}
		{E1E0E150-105A-4A01-B455-501CBC9DC665} = {E1E0E150-105A-4A01-B455-501CBC9DC665}
		{437E0154-0849-4AF6-A861-C2F1E0079D16} = {437E0154-0849-4AF6-A861-C2F1E0079D16}
		{3226CA54-8FA8-4211-B456-EF9B9E3980F5} = {3226CA54-8FA8-4211-B456-EF9B9E3980F5}
		{D182ED95-9B23-491B-9107-19D1640C6555} = {D182ED95-9B23-491B-9107-19D1640C6555}
		{013E5696-F391-4DCB-9945-8789D3E37381} = {013E5696-F391-4DCB-9945-8789D3E37381}
		{676A1E98-F86E-495C-B4A0-95B6BDEC31AE} = {676A1E98-F86E-495C-B4A0-95B6BDEC31AE}
		{CE60DC9B-6CF3-42BC-960A-5CF9392D07B1} = {CE60DC9B-6CF3-42BC-960A-5CF9392D07B1}
		{5251E79D-8E0A-48F8-B810-04913F02A799} = {5251E79D-8E0A-48F8-B810-04913F02A799}
		{68E3ACA4-532F-43A2-91B8-9D2B82259A5B} = {68E3ACA4-532F-43A2-91B8-9D2B82259A5B}
		{A541E2AD-7FDC-43F7-94A8-E891F9F2345D} = {A541E2AD-7FDC-43F7-94A8-E891F9F2345D}
		{4571B5AE-34A3-4AF1-8B02-96972390E9E7} = {4571B5AE-34A3-4AF1-8B02-96972390E9E7}
		{A8ACF5B0-B040-40FD-A50E-1F5FA90F81B8} = {A8ACF5B0-B040-40FD-A50E-1F5FA90F81B8}
		{206B44CB-8F85-4C80-828D-554B732C9A97} = {206B44CB-8F85-4C80-828D-554B732C9A97}
		{49AFD5E7-01DC-493B-AA24-C1D52E11941E} = {49AFD5E7-01DC-493B-AA24-C1D52E11941E}
		{1FCE60ED-20F0-4579-BDB0-C869163806DC} = {1FCE60ED-20F0-4579-BDB0-C869163806DC}
		{A78BFBFF-B7F3-4D8B-BEB8-2F30A4AA8757} = {A78BFBFF-B7F3-4D8B-BEB8-2F30A4AA8757}
	EndProjectSection
EndProject
Project("{FAE04EC0-301F-11D3-BF4B-00C04F79EFBC}") = "Interfaces", "..\AdventOfCode\Interfaces\Interfaces.csproj", "{8E871211-7987-4960-81C6-25538DFDCA91}"
EndProject
Project("{FAE04EC0-301F-11D3-BF4B-00C04F79EFBC}") = "SolverAOC2022_01", "SolverAOC2022_01\SolverAOC2022_01.csproj", "{73F34804-C2D1-4B63-B18E-00625450BABE}"
EndProject
Project("{FAE04EC0-301F-11D3-BF4B-00C04F79EFBC}") = "SolverAOC2022_02", "SolverAOC2022_02\SolverAOC2022_02.csproj", "{DCDF040E-6553-46F7-B65E-58875768FD55}"
EndProject
Project("{FAE04EC0-301F-11D3-BF4B-00C04F79EFBC}") = "SolverAOC2022_03", "SolverAOC2022_03\SolverAOC2022_03.csproj", "{3226CA54-8FA8-4211-B456-EF9B9E3980F5}"
EndProject
Project("{FAE04EC0-301F-11D3-BF4B-00C04F79EFBC}") = "SolverAOC2022_04", "SolverAOC2022_04\SolverAOC2022_04.csproj", "{4A23863E-734A-4CCE-BAB2-05A9B35208F7}"
EndProject
Project("{FAE04EC0-301F-11D3-BF4B-00C04F79EFBC}") = "SolverAOC2022_05", "SolverAOC2022_05\SolverAOC2022_05.csproj", "{49AFD5E7-01DC-493B-AA24-C1D52E11941E}"
EndProject
Project("{FAE04EC0-301F-11D3-BF4B-00C04F79EFBC}") = "SolverAOC2022_06", "SolverAOC2022_06\SolverAOC2022_06.csproj", "{5E4DE63E-FB56-4860-B8ED-BBC3F8B02D95}"
EndProject
Project("{FAE04EC0-301F-11D3-BF4B-00C04F79EFBC}") = "SolverAOC2022_07", "SolverAOC2022_07\SolverAOC2022_07.csproj", "{1FCE60ED-20F0-4579-BDB0-C869163806DC}"
EndProject
Project("{FAE04EC0-301F-11D3-BF4B-00C04F79EFBC}") = "SolverAOC2022_08", "SolverAOC2022_08\SolverAOC2022_08.csproj", "{013E5696-F391-4DCB-9945-8789D3E37381}"
EndProject
Project("{FAE04EC0-301F-11D3-BF4B-00C04F79EFBC}") = "SolverAOC2022_09", "SolverAOC2022_09\SolverAOC2022_09.csproj", "{CE60DC9B-6CF3-42BC-960A-5CF9392D07B1}"
EndProject
Project("{FAE04EC0-301F-11D3-BF4B-00C04F79EFBC}") = "SolverAOC2022_10", "SolverAOC2022_10\SolverAOC2022_10.csproj", "{5251E79D-8E0A-48F8-B810-04913F02A799}"
EndProject
Project("{FAE04EC0-301F-11D3-BF4B-00C04F79EFBC}") = "SolverAOC2022_11", "SolverAOC2022_11\SolverAOC2022_11.csproj", "{68E3ACA4-532F-43A2-91B8-9D2B82259A5B}"
EndProject
Project("{FAE04EC0-301F-11D3-BF4B-00C04F79EFBC}") = "SolverAOC2022_12", "SolverAOC2022_12\SolverAOC2022_12.csproj", "{676A1E98-F86E-495C-B4A0-95B6BDEC31AE}"
EndProject
Project("{FAE04EC0-301F-11D3-BF4B-00C04F79EFBC}") = "SolverAOC2022_13", "SolverAOC2022_13\SolverAOC2022_13.csproj", "{D182ED95-9B23-491B-9107-19D1640C6555}"
EndProject
Project("{FAE04EC0-301F-11D3-BF4B-00C04F79EFBC}") = "SolverAOC2022_14", "SolverAOC2022_14\SolverAOC2022_14.csproj", "{D4107605-D87F-44CA-9D18-2951740AADD6}"
EndProject
Project("{FAE04EC0-301F-11D3-BF4B-00C04F79EFBC}") = "SolverAOC2022_15", "SolverAOC2022_15\SolverAOC2022_15.csproj", "{E1E0E150-105A-4A01-B455-501CBC9DC665}"
EndProject
Project("{FAE04EC0-301F-11D3-BF4B-00C04F79EFBC}") = "SolverAOC2022_16", "SolverAOC2022_16\SolverAOC2022_16.csproj", "{4571B5AE-34A3-4AF1-8B02-96972390E9E7}"
EndProject
Project("{FAE04EC0-301F-11D3-BF4B-00C04F79EFBC}") = "SolverAOC2022_17", "SolverAOC2022_17\SolverAOC2022_17.csproj", "{B6E0234C-9C59-4C25-943B-BB3EE9994CD5}"
EndProject
Project("{FAE04EC0-301F-11D3-BF4B-00C04F79EFBC}") = "SolverAOC2022_18", "SolverAOC2022_18\SolverAOC2022_18.csproj", "{A78BFBFF-B7F3-4D8B-BEB8-2F30A4AA8757}"
EndProject
Project("{FAE04EC0-301F-11D3-BF4B-00C04F79EFBC}") = "SolverAOC2022_19", "SolverAOC2022_19\SolverAOC2022_19.csproj", "{A541E2AD-7FDC-43F7-94A8-E891F9F2345D}"
EndProject
Project("{FAE04EC0-301F-11D3-BF4B-00C04F79EFBC}") = "SolverAOC2022_20", "SolverAOC2022_20\SolverAOC2022_20.csproj", "{206B44CB-8F85-4C80-828D-554B732C9A97}"
EndProject
Project("{FAE04EC0-301F-11D3-BF4B-00C04F79EFBC}") = "SolverAOC2022_21", "SolverAOC2022_21\SolverAOC2022_21.csproj", "{E516D74A-6AC5-4328-8596-FABF4F30FF7A}"
EndProject
Project("{FAE04EC0-301F-11D3-BF4B-00C04F79EFBC}") = "SolverAOC2022_22", "SolverAOC2022_22\SolverAOC2022_22.csproj", "{C9D75E48-A1D3-44FC-9A3D-82E1AD278032}"
EndProject
Project("{FAE04EC0-301F-11D3-BF4B-00C04F79EFBC}") = "SolverAOC2022_23", "SolverAOC2022_23\SolverAOC2022_23.csproj", "{B814B510-0352-43A0-B562-30FC16F35749}"
EndProject
Project("{FAE04EC0-301F-11D3-BF4B-00C04F79EFBC}") = "SolverAOC2022_24", "SolverAOC2022_24\SolverAOC2022_24.csproj", "{A8ACF5B0-B040-40FD-A50E-1F5FA90F81B8}"
EndProject
Project("{FAE04EC0-301F-11D3-BF4B-00C04F79EFBC}") = "SolverAOC2022_25", "SolverAOC2022_25\SolverAOC2022_25.csproj", "{437E0154-0849-4AF6-A861-C2F1E0079D16}"
EndProject
Project("{FAE04EC0-301F-11D3-BF4B-00C04F79EFBC}") = "LeaderboardLib", "..\AdventOfCode\LeaderboardLib\LeaderboardLib.csproj", "{283981D9-3B81-4C0D-BBED-F012C6CE97BF}"
EndProject
Global
	GlobalSection(SolutionConfigurationPlatforms) = preSolution
		Debug|Any CPU = Debug|Any CPU
		Debug|x64 = Debug|x64
		Debug|x86 = Debug|x86
		Release|Any CPU = Release|Any CPU
		Release|x64 = Release|x64
		Release|x86 = Release|x86
	EndGlobalSection
	GlobalSection(ProjectConfigurationPlatforms) = postSolution
		{EBB07FE7-14EF-48B0-8B9F-F26E1948E0A1}.Debug|Any CPU.ActiveCfg = Debug|Any CPU
		{EBB07FE7-14EF-48B0-8B9F-F26E1948E0A1}.Debug|Any CPU.Build.0 = Debug|Any CPU
		{EBB07FE7-14EF-48B0-8B9F-F26E1948E0A1}.Debug|x64.ActiveCfg = Debug|x64
		{EBB07FE7-14EF-48B0-8B9F-F26E1948E0A1}.Debug|x64.Build.0 = Debug|x64
		{EBB07FE7-14EF-48B0-8B9F-F26E1948E0A1}.Debug|x86.ActiveCfg = Debug|x86
		{EBB07FE7-14EF-48B0-8B9F-F26E1948E0A1}.Debug|x86.Build.0 = Debug|x86
		{EBB07FE7-14EF-48B0-8B9F-F26E1948E0A1}.Release|Any CPU.ActiveCfg = Release|Any CPU
		{EBB07FE7-14EF-48B0-8B9F-F26E1948E0A1}.Release|Any CPU.Build.0 = Release|Any CPU
		{EBB07FE7-14EF-48B0-8B9F-F26E1948E0A1}.Release|x64.ActiveCfg = Release|x64
		{EBB07FE7-14EF-48B0-8B9F-F26E1948E0A1}.Release|x64.Build.0 = Release|x64
		{EBB07FE7-14EF-48B0-8B9F-F26E1948E0A1}.Release|x86.ActiveCfg = Release|x86
		{EBB07FE7-14EF-48B0-8B9F-F26E1948E0A1}.Release|x86.Build.0 = Release|x86
		{8E871211-7987-4960-81C6-25538DFDCA91}.Debug|Any CPU.ActiveCfg = Debug|Any CPU
		{8E871211-7987-4960-81C6-25538DFDCA91}.Debug|Any CPU.Build.0 = Debug|Any CPU
		{8E871211-7987-4960-81C6-25538DFDCA91}.Debug|x64.ActiveCfg = Debug|x64
		{8E871211-7987-4960-81C6-25538DFDCA91}.Debug|x64.Build.0 = Debug|x64
		{8E871211-7987-4960-81C6-25538DFDCA91}.Debug|x86.ActiveCfg = Debug|x86
		{8E871211-7987-4960-81C6-25538DFDCA91}.Debug|x86.Build.0 = Debug|x86
		{8E871211-7987-4960-81C6-25538DFDCA91}.Release|Any CPU.ActiveCfg = Release|Any CPU
		{8E871211-7987-4960-81C6-25538DFDCA91}.Release|Any CPU.Build.0 = Release|Any CPU
		{8E871211-7987-4960-81C6-25538DFDCA91}.Release|x64.ActiveCfg = Release|x64
		{8E871211-7987-4960-81C6-25538DFDCA91}.Release|x64.Build.0 = Release|x64
		{8E871211-7987-4960-81C6-25538DFDCA91}.Release|x86.ActiveCfg = Release|x86
		{8E871211-7987-4960-81C6-25538DFDCA91}.Release|x86.Build.0 = Release|x86
		{73F34804-C2D1-4B63-B18E-00625450BABE}.Debug|Any CPU.ActiveCfg = Debug|Any CPU
		{73F34804-C2D1-4B63-B18E-00625450BABE}.Debug|Any CPU.Build.0 = Debug|Any CPU
		{73F34804-C2D1-4B63-B18E-00625450BABE}.Debug|x64.ActiveCfg = Debug|x64
		{73F34804-C2D1-4B63-B18E-00625450BABE}.Debug|x64.Build.0 = Debug|x64
		{73F34804-C2D1-4B63-B18E-00625450BABE}.Debug|x86.ActiveCfg = Debug|x86
		{73F34804-C2D1-4B63-B18E-00625450BABE}.Debug|x86.Build.0 = Debug|x86
		{73F34804-C2D1-4B63-B18E-00625450BABE}.Release|Any CPU.ActiveCfg = Release|Any CPU
		{73F34804-C2D1-4B63-B18E-00625450BABE}.Release|Any CPU.Build.0 = Release|Any CPU
		{73F34804-C2D1-4B63-B18E-00625450BABE}.Release|x64.ActiveCfg = Release|x64
		{73F34804-C2D1-4B63-B18E-00625450BABE}.Release|x64.Build.0 = Release|x64
		{73F34804-C2D1-4B63-B18E-00625450BABE}.Release|x86.ActiveCfg = Release|x86
		{73F34804-C2D1-4B63-B18E-00625450BABE}.Release|x86.Build.0 = Release|x86
		{DCDF040E-6553-46F7-B65E-58875768FD55}.Debug|Any CPU.ActiveCfg = Debug|Any CPU
		{DCDF040E-6553-46F7-B65E-58875768FD55}.Debug|Any CPU.Build.0 = Debug|Any CPU
		{DCDF040E-6553-46F7-B65E-58875768FD55}.Debug|x64.ActiveCfg = Debug|x64
		{DCDF040E-6553-46F7-B65E-58875768FD55}.Debug|x64.Build.0 = Debug|x64
		{DCDF040E-6553-46F7-B65E-58875768FD55}.Debug|x86.ActiveCfg = Debug|x86
		{DCDF040E-6553-46F7-B65E-58875768FD55}.Debug|x86.Build.0 = Debug|x86
		{DCDF040E-6553-46F7-B65E-58875768FD55}.Release|Any CPU.ActiveCfg = Release|Any CPU
		{DCDF040E-6553-46F7-B65E-58875768FD55}.Release|Any CPU.Build.0 = Release|Any CPU
		{DCDF040E-6553-46F7-B65E-58875768FD55}.Release|x64.ActiveCfg = Release|x64
		{DCDF040E-6553-46F7-B65E-58875768FD55}.Release|x64.Build.0 = Release|x64
		{DCDF040E-6553-46F7-B65E-58875768FD55}.Release|x86.ActiveCfg = Release|x86
		{DCDF040E-6553-46F7-B65E-58875768FD55}.Release|x86.Build.0 = Release|x86
		{3226CA54-8FA8-4211-B456-EF9B9E3980F5}.Debug|Any CPU.ActiveCfg = Debug|Any CPU
		{3226CA54-8FA8-4211-B456-EF9B9E3980F5}.Debug|Any CPU.Build.0 = Debug|Any CPU
		{3226CA54-8FA8-4211-B456-EF9B9E3980F5}.Debug|x64.ActiveCfg = Debug|x64
		{3226CA54-8FA8-4211-B456-EF9B9E3980F5}.Debug|x64.Build.0 = Debug|x64
		{3226CA54-8FA8-4211-B456-EF9B9E3980F5}.Debug|x86.ActiveCfg = Debug|x86
		{3226CA54-8FA8-4211-B456-EF9B9E3980F5}.Debug|x86.Build.0 = Debug|x86
		{3226CA54-8FA8-4211-B456-EF9B9E3980F5}.Release|Any CPU.ActiveCfg = Release|Any CPU
		{3226CA54-8FA8-4211-B456-EF9B9E3980F5}.Release|Any CPU.Build.0 = Release|Any CPU
		{3226CA54-8FA8-4211-B456-EF9B9E3980F5}.Release|x64.ActiveCfg = Release|x64
		{3226CA54-8FA8-4211-B456-EF9B9E3980F5}.Release|x64.Build.0 = Release|x64
		{3226CA54-8FA8-4211-B456-EF9B9E3980F5}.Release|x86.ActiveCfg = Release|x86
		{3226CA54-8FA8-4211-B456-EF9B9E3980F5}.Release|x86.Build.0 = Release|x86
		{4A23863E-734A-4CCE-BAB2-05A9B35208F7}.Debug|Any CPU.ActiveCfg = Debug|Any CPU
		{4A23863E-734A-4CCE-BAB2-05A9B35208F7}.Debug|Any CPU.Build.0 = Debug|Any CPU
		{4A23863E-734A-4CCE-BAB2-05A9B35208F7}.Debug|x64.ActiveCfg = Debug|x64
		{4A23863E-734A-4CCE-BAB2-05A9B35208F7}.Debug|x64.Build.0 = Debug|x64
		{4A23863E-734A-4CCE-BAB2-05A9B35208F7}.Debug|x86.ActiveCfg = Debug|x86
		{4A23863E-734A-4CCE-BAB2-05A9B35208F7}.Debug|x86.Build.0 = Debug|x86
		{4A23863E-734A-4CCE-BAB2-05A9B35208F7}.Release|Any CPU.ActiveCfg = Release|Any CPU
		{4A23863E-734A-4CCE-BAB2-05A9B35208F7}.Release|Any CPU.Build.0 = Release|Any CPU
		{4A23863E-734A-4CCE-BAB2-05A9B35208F7}.Release|x64.ActiveCfg = Release|x64
		{4A23863E-734A-4CCE-BAB2-05A9B35208F7}.Release|x64.Build.0 = Release|x64
		{4A23863E-734A-4CCE-BAB2-05A9B35208F7}.Release|x86.ActiveCfg = Release|x86
		{4A23863E-734A-4CCE-BAB2-05A9B35208F7}.Release|x86.Build.0 = Release|x86
		{49AFD5E7-01DC-493B-AA24-C1D52E11941E}.Debug|Any CPU.ActiveCfg = Debug|Any CPU
		{49AFD5E7-01DC-493B-AA24-C1D52E11941E}.Debug|Any CPU.Build.0 = Debug|Any CPU
		{49AFD5E7-01DC-493B-AA24-C1D52E11941E}.Debug|x64.ActiveCfg = Debug|x64
		{49AFD5E7-01DC-493B-AA24-C1D52E11941E}.Debug|x64.Build.0 = Debug|x64
		{49AFD5E7-01DC-493B-AA24-C1D52E11941E}.Debug|x86.ActiveCfg = Debug|x86
		{49AFD5E7-01DC-493B-AA24-C1D52E11941E}.Debug|x86.Build.0 = Debug|x86
		{49AFD5E7-01DC-493B-AA24-C1D52E11941E}.Release|Any CPU.ActiveCfg = Release|Any CPU
		{49AFD5E7-01DC-493B-AA24-C1D52E11941E}.Release|Any CPU.Build.0 = Release|Any CPU
		{49AFD5E7-01DC-493B-AA24-C1D52E11941E}.Release|x64.ActiveCfg = Release|x64
		{49AFD5E7-01DC-493B-AA24-C1D52E11941E}.Release|x64.Build.0 = Release|x64
		{49AFD5E7-01DC-493B-AA24-C1D52E11941E}.Release|x86.ActiveCfg = Release|x86
		{49AFD5E7-01DC-493B-AA24-C1D52E11941E}.Release|x86.Build.0 = Release|x86
		{5E4DE63E-FB56-4860-B8ED-BBC3F8B02D95}.Debug|Any CPU.ActiveCfg = Debug|Any CPU
		{5E4DE63E-FB56-4860-B8ED-BBC3F8B02D95}.Debug|Any CPU.Build.0 = Debug|Any CPU
		{5E4DE63E-FB56-4860-B8ED-BBC3F8B02D95}.Debug|x64.ActiveCfg = Debug|x64
		{5E4DE63E-FB56-4860-B8ED-BBC3F8B02D95}.Debug|x64.Build.0 = Debug|x64
		{5E4DE63E-FB56-4860-B8ED-BBC3F8B02D95}.Debug|x86.ActiveCfg = Debug|x86
		{5E4DE63E-FB56-4860-B8ED-BBC3F8B02D95}.Debug|x86.Build.0 = Debug|x86
		{5E4DE63E-FB56-4860-B8ED-BBC3F8B02D95}.Release|Any CPU.ActiveCfg = Release|Any CPU
		{5E4DE63E-FB56-4860-B8ED-BBC3F8B02D95}.Release|Any CPU.Build.0 = Release|Any CPU
		{5E4DE63E-FB56-4860-B8ED-BBC3F8B02D95}.Release|x64.ActiveCfg = Release|x64
		{5E4DE63E-FB56-4860-B8ED-BBC3F8B02D95}.Release|x64.Build.0 = Release|x64
		{5E4DE63E-FB56-4860-B8ED-BBC3F8B02D95}.Release|x86.ActiveCfg = Release|x86
		{5E4DE63E-FB56-4860-B8ED-BBC3F8B02D95}.Release|x86.Build.0 = Release|x86
		{1FCE60ED-20F0-4579-BDB0-C869163806DC}.Debug|Any CPU.ActiveCfg = Debug|Any CPU
		{1FCE60ED-20F0-4579-BDB0-C869163806DC}.Debug|Any CPU.Build.0 = Debug|Any CPU
		{1FCE60ED-20F0-4579-BDB0-C869163806DC}.Debug|x64.ActiveCfg = Debug|x64
		{1FCE60ED-20F0-4579-BDB0-C869163806DC}.Debug|x64.Build.0 = Debug|x64
		{1FCE60ED-20F0-4579-BDB0-C869163806DC}.Debug|x86.ActiveCfg = Debug|x86
		{1FCE60ED-20F0-4579-BDB0-C869163806DC}.Debug|x86.Build.0 = Debug|x86
		{1FCE60ED-20F0-4579-BDB0-C869163806DC}.Release|Any CPU.ActiveCfg = Release|Any CPU
		{1FCE60ED-20F0-4579-BDB0-C869163806DC}.Release|Any CPU.Build.0 = Release|Any CPU
		{1FCE60ED-20F0-4579-BDB0-C869163806DC}.Release|x64.ActiveCfg = Release|x64
		{1FCE60ED-20F0-4579-BDB0-C869163806DC}.Release|x64.Build.0 = Release|x64
		{1FCE60ED-20F0-4579-BDB0-C869163806DC}.Release|x86.ActiveCfg = Release|x86
		{1FCE60ED-20F0-4579-BDB0-C869163806DC}.Release|x86.Build.0 = Release|x86
		{013E5696-F391-4DCB-9945-8789D3E37381}.Debug|Any CPU.ActiveCfg = Debug|Any CPU
		{013E5696-F391-4DCB-9945-8789D3E37381}.Debug|Any CPU.Build.0 = Debug|Any CPU
		{013E5696-F391-4DCB-9945-8789D3E37381}.Debug|x64.ActiveCfg = Debug|x64
		{013E5696-F391-4DCB-9945-8789D3E37381}.Debug|x64.Build.0 = Debug|x64
		{013E5696-F391-4DCB-9945-8789D3E37381}.Debug|x86.ActiveCfg = Debug|x86
		{013E5696-F391-4DCB-9945-8789D3E37381}.Debug|x86.Build.0 = Debug|x86
		{013E5696-F391-4DCB-9945-8789D3E37381}.Release|Any CPU.ActiveCfg = Release|Any CPU
		{013E5696-F391-4DCB-9945-8789D3E37381}.Release|Any CPU.Build.0 = Release|Any CPU
		{013E5696-F391-4DCB-9945-8789D3E37381}.Release|x64.ActiveCfg = Release|x64
		{013E5696-F391-4DCB-9945-8789D3E37381}.Release|x64.Build.0 = Release|x64
		{013E5696-F391-4DCB-9945-8789D3E37381}.Release|x86.ActiveCfg = Release|x86
		{013E5696-F391-4DCB-9945-8789D3E37381}.Release|x86.Build.0 = Release|x86
		{CE60DC9B-6CF3-42BC-960A-5CF9392D07B1}.Debug|Any CPU.ActiveCfg = Debug|Any CPU
		{CE60DC9B-6CF3-42BC-960A-5CF9392D07B1}.Debug|Any CPU.Build.0 = Debug|Any CPU
		{CE60DC9B-6CF3-42BC-960A-5CF9392D07B1}.Debug|x64.ActiveCfg = Debug|x64
		{CE60DC9B-6CF3-42BC-960A-5CF9392D07B1}.Debug|x64.Build.0 = Debug|x64
		{CE60DC9B-6CF3-42BC-960A-5CF9392D07B1}.Debug|x86.ActiveCfg = Debug|x86
		{CE60DC9B-6CF3-42BC-960A-5CF9392D07B1}.Debug|x86.Build.0 = Debug|x86
		{CE60DC9B-6CF3-42BC-960A-5CF9392D07B1}.Release|Any CPU.ActiveCfg = Release|Any CPU
		{CE60DC9B-6CF3-42BC-960A-5CF9392D07B1}.Release|Any CPU.Build.0 = Release|Any CPU
		{CE60DC9B-6CF3-42BC-960A-5CF9392D07B1}.Release|x64.ActiveCfg = Release|x64
		{CE60DC9B-6CF3-42BC-960A-5CF9392D07B1}.Release|x64.Build.0 = Release|x64
		{CE60DC9B-6CF3-42BC-960A-5CF9392D07B1}.Release|x86.ActiveCfg = Release|x86
		{CE60DC9B-6CF3-42BC-960A-5CF9392D07B1}.Release|x86.Build.0 = Release|x86
		{5251E79D-8E0A-48F8-B810-04913F02A799}.Debug|Any CPU.ActiveCfg = Debug|Any CPU
		{5251E79D-8E0A-48F8-B810-04913F02A799}.Debug|Any CPU.Build.0 = Debug|Any CPU
		{5251E79D-8E0A-48F8-B810-04913F02A799}.Debug|x64.ActiveCfg = Debug|x64
		{5251E79D-8E0A-48F8-B810-04913F02A799}.Debug|x64.Build.0 = Debug|x64
		{5251E79D-8E0A-48F8-B810-04913F02A799}.Debug|x86.ActiveCfg = Debug|x86
		{5251E79D-8E0A-48F8-B810-04913F02A799}.Debug|x86.Build.0 = Debug|x86
		{5251E79D-8E0A-48F8-B810-04913F02A799}.Release|Any CPU.ActiveCfg = Release|Any CPU
		{5251E79D-8E0A-48F8-B810-04913F02A799}.Release|Any CPU.Build.0 = Release|Any CPU
		{5251E79D-8E0A-48F8-B810-04913F02A799}.Release|x64.ActiveCfg = Release|x64
		{5251E79D-8E0A-48F8-B810-04913F02A799}.Release|x64.Build.0 = Release|x64
		{5251E79D-8E0A-48F8-B810-04913F02A799}.Release|x86.ActiveCfg = Release|x86
		{5251E79D-8E0A-48F8-B810-04913F02A799}.Release|x86.Build.0 = Release|x86
		{68E3ACA4-532F-43A2-91B8-9D2B82259A5B}.Debug|Any CPU.ActiveCfg = Debug|Any CPU
		{68E3ACA4-532F-43A2-91B8-9D2B82259A5B}.Debug|Any CPU.Build.0 = Debug|Any CPU
		{68E3ACA4-532F-43A2-91B8-9D2B82259A5B}.Debug|x64.ActiveCfg = Debug|x64
		{68E3ACA4-532F-43A2-91B8-9D2B82259A5B}.Debug|x64.Build.0 = Debug|x64
		{68E3ACA4-532F-43A2-91B8-9D2B82259A5B}.Debug|x86.ActiveCfg = Debug|x86
		{68E3ACA4-532F-43A2-91B8-9D2B82259A5B}.Debug|x86.Build.0 = Debug|x86
		{68E3ACA4-532F-43A2-91B8-9D2B82259A5B}.Release|Any CPU.ActiveCfg = Release|Any CPU
		{68E3ACA4-532F-43A2-91B8-9D2B82259A5B}.Release|Any CPU.Build.0 = Release|Any CPU
		{68E3ACA4-532F-43A2-91B8-9D2B82259A5B}.Release|x64.ActiveCfg = Release|x64
		{68E3ACA4-532F-43A2-91B8-9D2B82259A5B}.Release|x64.Build.0 = Release|x64
		{68E3ACA4-532F-43A2-91B8-9D2B82259A5B}.Release|x86.ActiveCfg = Release|x86
		{68E3ACA4-532F-43A2-91B8-9D2B82259A5B}.Release|x86.Build.0 = Release|x86
		{676A1E98-F86E-495C-B4A0-95B6BDEC31AE}.Debug|Any CPU.ActiveCfg = Debug|Any CPU
		{676A1E98-F86E-495C-B4A0-95B6BDEC31AE}.Debug|Any CPU.Build.0 = Debug|Any CPU
		{676A1E98-F86E-495C-B4A0-95B6BDEC31AE}.Debug|x64.ActiveCfg = Debug|x64
		{676A1E98-F86E-495C-B4A0-95B6BDEC31AE}.Debug|x64.Build.0 = Debug|x64
		{676A1E98-F86E-495C-B4A0-95B6BDEC31AE}.Debug|x86.ActiveCfg = Debug|x86
		{676A1E98-F86E-495C-B4A0-95B6BDEC31AE}.Debug|x86.Build.0 = Debug|x86
		{676A1E98-F86E-495C-B4A0-95B6BDEC31AE}.Release|Any CPU.ActiveCfg = Release|Any CPU
		{676A1E98-F86E-495C-B4A0-95B6BDEC31AE}.Release|Any CPU.Build.0 = Release|Any CPU
		{676A1E98-F86E-495C-B4A0-95B6BDEC31AE}.Release|x64.ActiveCfg = Release|x64
		{676A1E98-F86E-495C-B4A0-95B6BDEC31AE}.Release|x64.Build.0 = Release|x64
		{676A1E98-F86E-495C-B4A0-95B6BDEC31AE}.Release|x86.ActiveCfg = Release|x86
		{676A1E98-F86E-495C-B4A0-95B6BDEC31AE}.Release|x86.Build.0 = Release|x86
		{D182ED95-9B23-491B-9107-19D1640C6555}.Debug|Any CPU.ActiveCfg = Debug|Any CPU
		{D182ED95-9B23-491B-9107-19D1640C6555}.Debug|Any CPU.Build.0 = Debug|Any CPU
		{D182ED95-9B23-491B-9107-19D1640C6555}.Debug|x64.ActiveCfg = Debug|x64
		{D182ED95-9B23-491B-9107-19D1640C6555}.Debug|x64.Build.0 = Debug|x64
		{D182ED95-9B23-491B-9107-19D1640C6555}.Debug|x86.ActiveCfg = Debug|x86
		{D182ED95-9B23-491B-9107-19D1640C6555}.Debug|x86.Build.0 = Debug|x86
		{D182ED95-9B23-491B-9107-19D1640C6555}.Release|Any CPU.ActiveCfg = Release|Any CPU
		{D182ED95-9B23-491B-9107-19D1640C6555}.Release|Any CPU.Build.0 = Release|Any CPU
		{D182ED95-9B23-491B-9107-19D1640C6555}.Release|x64.ActiveCfg = Release|x64
		{D182ED95-9B23-491B-9107-19D1640C6555}.Release|x64.Build.0 = Release|x64
		{D182ED95-9B23-491B-9107-19D1640C6555}.Release|x86.ActiveCfg = Release|x86
		{D182ED95-9B23-491B-9107-19D1640C6555}.Release|x86.Build.0 = Release|x86
		{D4107605-D87F-44CA-9D18-2951740AADD6}.Debug|Any CPU.ActiveCfg = Debug|Any CPU
		{D4107605-D87F-44CA-9D18-2951740AADD6}.Debug|Any CPU.Build.0 = Debug|Any CPU
		{D4107605-D87F-44CA-9D18-2951740AADD6}.Debug|x64.ActiveCfg = Debug|x64
		{D4107605-D87F-44CA-9D18-2951740AADD6}.Debug|x64.Build.0 = Debug|x64
		{D4107605-D87F-44CA-9D18-2951740AADD6}.Debug|x86.ActiveCfg = Debug|x86
		{D4107605-D87F-44CA-9D18-2951740AADD6}.Debug|x86.Build.0 = Debug|x86
		{D4107605-D87F-44CA-9D18-2951740AADD6}.Release|Any CPU.ActiveCfg = Release|Any CPU
		{D4107605-D87F-44CA-9D18-2951740AADD6}.Release|Any CPU.Build.0 = Release|Any CPU
		{D4107605-D87F-44CA-9D18-2951740AADD6}.Release|x64.ActiveCfg = Release|x64
		{D4107605-D87F-44CA-9D18-2951740AADD6}.Release|x64.Build.0 = Release|x64
		{D4107605-D87F-44CA-9D18-2951740AADD6}.Release|x86.ActiveCfg = Release|x86
		{D4107605-D87F-44CA-9D18-2951740AADD6}.Release|x86.Build.0 = Release|x86
		{E1E0E150-105A-4A01-B455-501CBC9DC665}.Debug|Any CPU.ActiveCfg = Debug|Any CPU
		{E1E0E150-105A-4A01-B455-501CBC9DC665}.Debug|Any CPU.Build.0 = Debug|Any CPU
		{E1E0E150-105A-4A01-B455-501CBC9DC665}.Debug|x64.ActiveCfg = Debug|x64
		{E1E0E150-105A-4A01-B455-501CBC9DC665}.Debug|x64.Build.0 = Debug|x64
		{E1E0E150-105A-4A01-B455-501CBC9DC665}.Debug|x86.ActiveCfg = Debug|x86
		{E1E0E150-105A-4A01-B455-501CBC9DC665}.Debug|x86.Build.0 = Debug|x86
		{E1E0E150-105A-4A01-B455-501CBC9DC665}.Release|Any CPU.ActiveCfg = Release|Any CPU
		{E1E0E150-105A-4A01-B455-501CBC9DC665}.Release|Any CPU.Build.0 = Release|Any CPU
		{E1E0E150-105A-4A01-B455-501CBC9DC665}.Release|x64.ActiveCfg = Release|x64
		{E1E0E150-105A-4A01-B455-501CBC9DC665}.Release|x64.Build.0 = Release|x64
		{E1E0E150-105A-4A01-B455-501CBC9DC665}.Release|x86.ActiveCfg = Release|x86
		{E1E0E150-105A-4A01-B455-501CBC9DC665}.Release|x86.Build.0 = Release|x86
		{4571B5AE-34A3-4AF1-8B02-96972390E9E7}.Debug|Any CPU.ActiveCfg = Debug|Any CPU
		{4571B5AE-34A3-4AF1-8B02-96972390E9E7}.Debug|Any CPU.Build.0 = Debug|Any CPU
		{4571B5AE-34A3-4AF1-8B02-96972390E9E7}.Debug|x64.ActiveCfg = Debug|x64
		{4571B5AE-34A3-4AF1-8B02-96972390E9E7}.Debug|x64.Build.0 = Debug|x64
		{4571B5AE-34A3-4AF1-8B02-96972390E9E7}.Debug|x86.ActiveCfg = Debug|x86
		{4571B5AE-34A3-4AF1-8B02-96972390E9E7}.Debug|x86.Build.0 = Debug|x86
		{4571B5AE-34A3-4AF1-8B02-96972390E9E7}.Release|Any CPU.ActiveCfg = Release|Any CPU
		{4571B5AE-34A3-4AF1-8B02-96972390E9E7}.Release|Any CPU.Build.0 = Release|Any CPU
		{4571B5AE-34A3-4AF1-8B02-96972390E9E7}.Release|x64.ActiveCfg = Release|x64
		{4571B5AE-34A3-4AF1-8B02-96972390E9E7}.Release|x64.Build.0 = Release|x64
		{4571B5AE-34A3-4AF1-8B02-96972390E9E7}.Release|x86.ActiveCfg = Release|x86
		{4571B5AE-34A3-4AF1-8B02-96972390E9E7}.Release|x86.Build.0 = Release|x86
		{B6E0234C-9C59-4C25-943B-BB3EE9994CD5}.Debug|Any CPU.ActiveCfg = Debug|Any CPU
		{B6E0234C-9C59-4C25-943B-BB3EE9994CD5}.Debug|Any CPU.Build.0 = Debug|Any CPU
		{B6E0234C-9C59-4C25-943B-BB3EE9994CD5}.Debug|x64.ActiveCfg = Debug|x64
		{B6E0234C-9C59-4C25-943B-BB3EE9994CD5}.Debug|x64.Build.0 = Debug|x64
		{B6E0234C-9C59-4C25-943B-BB3EE9994CD5}.Debug|x86.ActiveCfg = Debug|x86
		{B6E0234C-9C59-4C25-943B-BB3EE9994CD5}.Debug|x86.Build.0 = Debug|x86
		{B6E0234C-9C59-4C25-943B-BB3EE9994CD5}.Release|Any CPU.ActiveCfg = Release|Any CPU
		{B6E0234C-9C59-4C25-943B-BB3EE9994CD5}.Release|Any CPU.Build.0 = Release|Any CPU
		{B6E0234C-9C59-4C25-943B-BB3EE9994CD5}.Release|x64.ActiveCfg = Release|x64
		{B6E0234C-9C59-4C25-943B-BB3EE9994CD5}.Release|x64.Build.0 = Release|x64
		{B6E0234C-9C59-4C25-943B-BB3EE9994CD5}.Release|x86.ActiveCfg = Release|x86
		{B6E0234C-9C59-4C25-943B-BB3EE9994CD5}.Release|x86.Build.0 = Release|x86
		{A78BFBFF-B7F3-4D8B-BEB8-2F30A4AA8757}.Debug|Any CPU.ActiveCfg = Debug|Any CPU
		{A78BFBFF-B7F3-4D8B-BEB8-2F30A4AA8757}.Debug|Any CPU.Build.0 = Debug|Any CPU
		{A78BFBFF-B7F3-4D8B-BEB8-2F30A4AA8757}.Debug|x64.ActiveCfg = Debug|x64
		{A78BFBFF-B7F3-4D8B-BEB8-2F30A4AA8757}.Debug|x64.Build.0 = Debug|x64
		{A78BFBFF-B7F3-4D8B-BEB8-2F30A4AA8757}.Debug|x86.ActiveCfg = Debug|x86
		{A78BFBFF-B7F3-4D8B-BEB8-2F30A4AA8757}.Debug|x86.Build.0 = Debug|x86
		{A78BFBFF-B7F3-4D8B-BEB8-2F30A4AA8757}.Release|Any CPU.ActiveCfg = Release|Any CPU
		{A78BFBFF-B7F3-4D8B-BEB8-2F30A4AA8757}.Release|Any CPU.Build.0 = Release|Any CPU
		{A78BFBFF-B7F3-4D8B-BEB8-2F30A4AA8757}.Release|x64.ActiveCfg = Release|x64
		{A78BFBFF-B7F3-4D8B-BEB8-2F30A4AA8757}.Release|x64.Build.0 = Release|x64
		{A78BFBFF-B7F3-4D8B-BEB8-2F30A4AA8757}.Release|x86.ActiveCfg = Release|x86
		{A78BFBFF-B7F3-4D8B-BEB8-2F30A4AA8757}.Release|x86.Build.0 = Release|x86
		{A541E2AD-7FDC-43F7-94A8-E891F9F2345D}.Debug|Any CPU.ActiveCfg = Debug|Any CPU
		{A541E2AD-7FDC-43F7-94A8-E891F9F2345D}.Debug|Any CPU.Build.0 = Debug|Any CPU
		{A541E2AD-7FDC-43F7-94A8-E891F9F2345D}.Debug|x64.ActiveCfg = Debug|x64
		{A541E2AD-7FDC-43F7-94A8-E891F9F2345D}.Debug|x64.Build.0 = Debug|x64
		{A541E2AD-7FDC-43F7-94A8-E891F9F2345D}.Debug|x86.ActiveCfg = Debug|x86
		{A541E2AD-7FDC-43F7-94A8-E891F9F2345D}.Debug|x86.Build.0 = Debug|x86
		{A541E2AD-7FDC-43F7-94A8-E891F9F2345D}.Release|Any CPU.ActiveCfg = Release|Any CPU
		{A541E2AD-7FDC-43F7-94A8-E891F9F2345D}.Release|Any CPU.Build.0 = Release|Any CPU
		{A541E2AD-7FDC-43F7-94A8-E891F9F2345D}.Release|x64.ActiveCfg = Release|x64
		{A541E2AD-7FDC-43F7-94A8-E891F9F2345D}.Release|x64.Build.0 = Release|x64
		{A541E2AD-7FDC-43F7-94A8-E891F9F2345D}.Release|x86.ActiveCfg = Release|x86
		{A541E2AD-7FDC-43F7-94A8-E891F9F2345D}.Release|x86.Build.0 = Release|x86
		{206B44CB-8F85-4C80-828D-554B732C9A97}.Debug|Any CPU.ActiveCfg = Debug|Any CPU
		{206B44CB-8F85-4C80-828D-554B732C9A97}.Debug|Any CPU.Build.0 = Debug|Any CPU
		{206B44CB-8F85-4C80-828D-554B732C9A97}.Debug|x64.ActiveCfg = Debug|x64
		{206B44CB-8F85-4C80-828D-554B732C9A97}.Debug|x64.Build.0 = Debug|x64
		{206B44CB-8F85-4C80-828D-554B732C9A97}.Debug|x86.ActiveCfg = Debug|x86
		{206B44CB-8F85-4C80-828D-554B732C9A97}.Debug|x86.Build.0 = Debug|x86
		{206B44CB-8F85-4C80-828D-554B732C9A97}.Release|Any CPU.ActiveCfg = Release|Any CPU
		{206B44CB-8F85-4C80-828D-554B732C9A97}.Release|Any CPU.Build.0 = Release|Any CPU
		{206B44CB-8F85-4C80-828D-554B732C9A97}.Release|x64.ActiveCfg = Release|x64
		{206B44CB-8F85-4C80-828D-554B732C9A97}.Release|x64.Build.0 = Release|x64
		{206B44CB-8F85-4C80-828D-554B732C9A97}.Release|x86.ActiveCfg = Release|x86
		{206B44CB-8F85-4C80-828D-554B732C9A97}.Release|x86.Build.0 = Release|x86
		{E516D74A-6AC5-4328-8596-FABF4F30FF7A}.Debug|Any CPU.ActiveCfg = Debug|Any CPU
		{E516D74A-6AC5-4328-8596-FABF4F30FF7A}.Debug|Any CPU.Build.0 = Debug|Any CPU
		{E516D74A-6AC5-4328-8596-FABF4F30FF7A}.Debug|x64.ActiveCfg = Debug|x64
		{E516D74A-6AC5-4328-8596-FABF4F30FF7A}.Debug|x64.Build.0 = Debug|x64
		{E516D74A-6AC5-4328-8596-FABF4F30FF7A}.Debug|x86.ActiveCfg = Debug|x86
		{E516D74A-6AC5-4328-8596-FABF4F30FF7A}.Debug|x86.Build.0 = Debug|x86
		{E516D74A-6AC5-4328-8596-FABF4F30FF7A}.Release|Any CPU.ActiveCfg = Release|Any CPU
		{E516D74A-6AC5-4328-8596-FABF4F30FF7A}.Release|Any CPU.Build.0 = Release|Any CPU
		{E516D74A-6AC5-4328-8596-FABF4F30FF7A}.Release|x64.ActiveCfg = Release|x64
		{E516D74A-6AC5-4328-8596-FABF4F30FF7A}.Release|x64.Build.0 = Release|x64
		{E516D74A-6AC5-4328-8596-FABF4F30FF7A}.Release|x86.ActiveCfg = Release|x86
		{E516D74A-6AC5-4328-8596-FABF4F30FF7A}.Release|x86.Build.0 = Release|x86
		{C9D75E48-A1D3-44FC-9A3D-82E1AD278032}.Debug|Any CPU.ActiveCfg = Debug|Any CPU
		{C9D75E48-A1D3-44FC-9A3D-82E1AD278032}.Debug|Any CPU.Build.0 = Debug|Any CPU
		{C9D75E48-A1D3-44FC-9A3D-82E1AD278032}.Debug|x64.ActiveCfg = Debug|x64
		{C9D75E48-A1D3-44FC-9A3D-82E1AD278032}.Debug|x64.Build.0 = Debug|x64
		{C9D75E48-A1D3-44FC-9A3D-82E1AD278032}.Debug|x86.ActiveCfg = Debug|x86
		{C9D75E48-A1D3-44FC-9A3D-82E1AD278032}.Debug|x86.Build.0 = Debug|x86
		{C9D75E48-A1D3-44FC-9A3D-82E1AD278032}.Release|Any CPU.ActiveCfg = Release|Any CPU
		{C9D75E48-A1D3-44FC-9A3D-82E1AD278032}.Release|Any CPU.Build.0 = Release|Any CPU
		{C9D75E48-A1D3-44FC-9A3D-82E1AD278032}.Release|x64.ActiveCfg = Release|x64
		{C9D75E48-A1D3-44FC-9A3D-82E1AD278032}.Release|x64.Build.0 = Release|x64
		{C9D75E48-A1D3-44FC-9A3D-82E1AD278032}.Release|x86.ActiveCfg = Release|x86
		{C9D75E48-A1D3-44FC-9A3D-82E1AD278032}.Release|x86.Build.0 = Release|x86
		{B814B510-0352-43A0-B562-30FC16F35749}.Debug|Any CPU.ActiveCfg = Debug|Any CPU
		{B814B510-0352-43A0-B562-30FC16F35749}.Debug|Any CPU.Build.0 = Debug|Any CPU
		{B814B510-0352-43A0-B562-30FC16F35749}.Debug|x64.ActiveCfg = Debug|x64
		{B814B510-0352-43A0-B562-30FC16F35749}.Debug|x64.Build.0 = Debug|x64
		{B814B510-0352-43A0-B562-30FC16F35749}.Debug|x86.ActiveCfg = Debug|x86
		{B814B510-0352-43A0-B562-30FC16F35749}.Debug|x86.Build.0 = Debug|x86
		{B814B510-0352-43A0-B562-30FC16F35749}.Release|Any CPU.ActiveCfg = Release|Any CPU
		{B814B510-0352-43A0-B562-30FC16F35749}.Release|Any CPU.Build.0 = Release|Any CPU
		{B814B510-0352-43A0-B562-30FC16F35749}.Release|x64.ActiveCfg = Release|x64
		{B814B510-0352-43A0-B562-30FC16F35749}.Release|x64.Build.0 = Release|x64
		{B814B510-0352-43A0-B562-30FC16F35749}.Release|x86.ActiveCfg = Release|x86
		{B814B510-0352-43A0-B562-30FC16F35749}.Release|x86.Build.0 = Release|x86
		{A8ACF5B0-B040-40FD-A50E-1F5FA90F81B8}.Debug|Any CPU.ActiveCfg = Debug|Any CPU
		{A8ACF5B0-B040-40FD-A50E-1F5FA90F81B8}.Debug|Any CPU.Build.0 = Debug|Any CPU
		{A8ACF5B0-B040-40FD-A50E-1F5FA90F81B8}.Debug|x64.ActiveCfg = Debug|x64
		{A8ACF5B0-B040-40FD-A50E-1F5FA90F81B8}.Debug|x64.Build.0 = Debug|x64
		{A8ACF5B0-B040-40FD-A50E-1F5FA90F81B8}.Debug|x86.ActiveCfg = Debug|x86
		{A8ACF5B0-B040-40FD-A50E-1F5FA90F81B8}.Debug|x86.Build.0 = Debug|x86
		{A8ACF5B0-B040-40FD-A50E-1F5FA90F81B8}.Release|Any CPU.ActiveCfg = Release|Any CPU
		{A8ACF5B0-B040-40FD-A50E-1F5FA90F81B8}.Release|Any CPU.Build.0 = Release|Any CPU
		{A8ACF5B0-B040-40FD-A50E-1F5FA90F81B8}.Release|x64.ActiveCfg = Release|x64
		{A8ACF5B0-B040-40FD-A50E-1F5FA90F81B8}.Release|x64.Build.0 = Release|x64
		{A8ACF5B0-B040-40FD-A50E-1F5FA90F81B8}.Release|x86.ActiveCfg = Release|x86
		{A8ACF5B0-B040-40FD-A50E-1F5FA90F81B8}.Release|x86.Build.0 = Release|x86
		{437E0154-0849-4AF6-A861-C2F1E0079D16}.Debug|Any CPU.ActiveCfg = Debug|Any CPU
		{437E0154-0849-4AF6-A861-C2F1E0079D16}.Debug|Any CPU.Build.0 = Debug|Any CPU
		{437E0154-0849-4AF6-A861-C2F1E0079D16}.Debug|x64.ActiveCfg = Debug|x64
		{437E0154-0849-4AF6-A861-C2F1E0079D16}.Debug|x64.Build.0 = Debug|x64
		{437E0154-0849-4AF6-A861-C2F1E0079D16}.Debug|x86.ActiveCfg = Debug|x86
		{437E0154-0849-4AF6-A861-C2F1E0079D16}.Debug|x86.Build.0 = Debug|x86
		{437E0154-0849-4AF6-A861-C2F1E0079D16}.Release|Any CPU.ActiveCfg = Release|Any CPU
		{437E0154-0849-4AF6-A861-C2F1E0079D16}.Release|Any CPU.Build.0 = Release|Any CPU
		{437E0154-0849-4AF6-A861-C2F1E0079D16}.Release|x64.ActiveCfg = Release|x64
		{437E0154-0849-4AF6-A861-C2F1E0079D16}.Release|x64.Build.0 = Release|x64
		{437E0154-0849-4AF6-A861-C2F1E0079D16}.Release|x86.ActiveCfg = Release|x86
		{437E0154-0849-4AF6-A861-C2F1E0079D16}.Release|x86.Build.0 = Release|x86
		{283981D9-3B81-4C0D-BBED-F012C6CE97BF}.Debug|Any CPU.ActiveCfg = Debug|Any CPU
		{283981D9-3B81-4C0D-BBED-F012C6CE97BF}.Debug|Any CPU.Build.0 = Debug|Any CPU
		{283981D9-3B81-4C0D-BBED-F012C6CE97BF}.Debug|x64.ActiveCfg = Debug|Any CPU
		{283981D9-3B81-4C0D-BBED-F012C6CE97BF}.Debug|x64.Build.0 = Debug|Any CPU
		{283981D9-3B81-4C0D-BBED-F012C6CE97BF}.Debug|x86.ActiveCfg = Debug|Any CPU
		{283981D9-3B81-4C0D-BBED-F012C6CE97BF}.Debug|x86.Build.0 = Debug|Any CPU
		{283981D9-3B81-4C0D-BBED-F012C6CE97BF}.Release|Any CPU.ActiveCfg = Release|Any CPU
		{283981D9-3B81-4C0D-BBED-F012C6CE97BF}.Release|Any CPU.Build.0 = Release|Any CPU
		{283981D9-3B81-4C0D-BBED-F012C6CE97BF}.Release|x64.ActiveCfg = Release|Any CPU
		{283981D9-3B81-4C0D-BBED-F012C6CE97BF}.Release|x64.Build.0 = Release|Any CPU
		{283981D9-3B81-4C0D-BBED-F012C6CE97BF}.Release|x86.ActiveCfg = Release|Any CPU
		{283981D9-3B81-4C0D-BBED-F012C6CE97BF}.Release|x86.Build.0 = Release|Any CPU
	EndGlobalSection
	GlobalSection(SolutionProperties) = preSolution
		HideSolutionNode = FALSE
	EndGlobalSection
	GlobalSection(ExtensibilityGlobals) = postSolution
		SolutionGuid = {20D48184-D979-46D1-BC92-B0E48825E1F7}
	EndGlobalSection
EndGlobal
